
Microsoft Visual Studio Solution File, Format Version 12.00
# Visual Studio Version 16
VisualStudioVersion = 16.0.31515.178
MinimumVisualStudioVersion = 10.0.40219.1
Project("{FAE04EC0-301F-11D3-BF4B-00C04F79EFBC}") = "SedolValidator", "SedolValidator\SedolValidator.csproj", "{020EF52B-6AF3-4B83-B9ED-FACA58FE89CA}"
EndProject
Project("{FAE04EC0-301F-11D3-BF4B-00C04F79EFBC}") = "SedolValidator.Tests", "SedolValidator.Tests\SedolValidator.Tests.csproj", "{61AE814A-5484-42E7-A1BC-AACECEB3B2E8}"
EndProject
Global
	GlobalSection(SolutionConfigurationPlatforms) = preSolution
		Debug|Any CPU = Debug|Any CPU
		Release|Any CPU = Release|Any CPU
	EndGlobalSection
	GlobalSection(ProjectConfigurationPlatforms) = postSolution
		{020EF52B-6AF3-4B83-B9ED-FACA58FE89CA}.Debug|Any CPU.ActiveCfg = Debug|Any CPU
		{020EF52B-6AF3-4B83-B9ED-FACA58FE89CA}.Debug|Any CPU.Build.0 = Debug|Any CPU
		{020EF52B-6AF3-4B83-B9ED-FACA58FE89CA}.Release|Any CPU.ActiveCfg = Release|Any CPU
		{020EF52B-6AF3-4B83-B9ED-FACA58FE89CA}.Release|Any CPU.Build.0 = Release|Any CPU
		{61AE814A-5484-42E7-A1BC-AACECEB3B2E8}.Debug|Any CPU.ActiveCfg = Debug|Any CPU
		{61AE814A-5484-42E7-A1BC-AACECEB3B2E8}.Debug|Any CPU.Build.0 = Debug|Any CPU
		{61AE814A-5484-42E7-A1BC-AACECEB3B2E8}.Release|Any CPU.ActiveCfg = Release|Any CPU
		{61AE814A-5484-42E7-A1BC-AACECEB3B2E8}.Release|Any CPU.Build.0 = Release|Any CPU
	EndGlobalSection
	GlobalSection(SolutionProperties) = preSolution
		HideSolutionNode = FALSE
	EndGlobalSection
	GlobalSection(ExtensibilityGlobals) = postSolution
		SolutionGuid = {EE149C97-EFFD-45A3-BBC2-0D7711E1B851}
	EndGlobalSection
EndGlobal
